<?xml version="1.0" encoding="utf-8"?>
<Project ToolsVersion="4.0" xmlns="http://schemas.microsoft.com/developer/msbuild/2003">
  <ItemGroup>
    <Filter Include="Source Files">
      <UniqueIdentifier>{4FC737F1-C7A5-4376-A066-2A32D752A2FF}</UniqueIdentifier>
      <Extensions>cpp;c;cc;cxx;def;odl;idl;hpj;bat;asm;asmx</Extensions>
    </Filter>
    <Filter Include="Header Files">
      <UniqueIdentifier>{93995380-89BD-4b04-88EB-625FBE52EBFB}</UniqueIdentifier>
      <Extensions>h;hh;hpp;hxx;hm;inl;inc;xsd</Extensions>
    </Filter>
    <Filter Include="Resource Files">
      <UniqueIdentifier>{67DA6AB6-F800-4c08-8B7A-83BB121AAD01}</UniqueIdentifier>
      <Extensions>rc;ico;cur;bmp;dlg;rc2;rct;bin;rgs;gif;jpg;jpeg;jpe;resx;tiff;tif;png;wav;mfcribbon-ms</Extensions>
    </Filter>
    <Filter Include="Source Files\CUDA">
      <UniqueIdentifier>{cf392726-c899-4bc4-9c82-2da0dbbd3a3b}</UniqueIdentifier>
    </Filter>
    <Filter Include="Header Files\CUDA">
      <UniqueIdentifier>{c1ab138b-dd2c-44f8-9959-a61c5eb47f62}</UniqueIdentifier>
    </Filter>
  </ItemGroup>
  <ItemGroup>
    <ClInclude Include="..\include\Args.h">
      <Filter>Header Files</Filter>
    </ClInclude>
    <ClInclude Include="..\include\AWB.h">
      <Filter>Header Files</Filter>
    </ClInclude>
    <ClInclude Include="..\include\Bilateral.h">
      <Filter>Header Files</Filter>
    </ClInclude>
    <ClInclude Include="..\include\Block.h">
      <Filter>Header Files</Filter>
    </ClInclude>
    <ClInclude Include="..\include\Block.hpp">
      <Filter>Header Files</Filter>
    </ClInclude>
    <ClInclude Include="..\include\BM3D.h">
      <Filter>Header Files</Filter>
    </ClInclude>
    <ClInclude Include="..\include\Convolution.h">
      <Filter>Header Files</Filter>
    </ClInclude>
    <ClInclude Include="..\include\Gaussian.h">
      <Filter>Header Files</Filter>
    </ClInclude>
    <ClInclude Include="..\include\Haze_Removal.h">
      <Filter>Header Files</Filter>
    </ClInclude>
    <ClInclude Include="..\include\Helper.h">
      <Filter>Header Files</Filter>
    </ClInclude>
    <ClInclude Include="..\include\Highlight_Removal.h">
      <Filter>Header Files</Filter>
    </ClInclude>
    <ClInclude Include="..\include\Histogram.h">
      <Filter>Header Files</Filter>
    </ClInclude>
    <ClInclude Include="..\include\Histogram_Equalization.h">
      <Filter>Header Files</Filter>
    </ClInclude>
    <ClInclude Include="..\include\Image_Type.h">
      <Filter>Header Files</Filter>
    </ClInclude>
    <ClInclude Include="..\include\Image_Type.hpp">
      <Filter>Header Files</Filter>
    </ClInclude>
    <ClInclude Include="..\include\ImageIO.h">
      <Filter>Header Files</Filter>
    </ClInclude>
    <ClInclude Include="..\include\ISP_MW.h">
      <Filter>Header Files</Filter>
    </ClInclude>
    <ClInclude Include="..\include\LUT.h">
      <Filter>Header Files</Filter>
    </ClInclude>
    <ClInclude Include="..\include\LUT.hpp">
      <Filter>Header Files</Filter>
    </ClInclude>
    <ClInclude Include="..\include\NLMeans.h">
      <Filter>Header Files</Filter>
    </ClInclude>
    <ClInclude Include="..\include\Retinex.h">
      <Filter>Header Files</Filter>
    </ClInclude>
    <ClInclude Include="..\include\Specification.h">
      <Filter>Header Files</Filter>
    </ClInclude>
    <ClInclude Include="..\include\Tone_Mapping.h">
      <Filter>Header Files</Filter>
    </ClInclude>
    <ClInclude Include="..\include\Transform.h">
      <Filter>Header Files</Filter>
    </ClInclude>
    <ClInclude Include="..\include\Type.h">
      <Filter>Header Files</Filter>
    </ClInclude>
    <ClInclude Include="..\include\CUDA\Gaussian.cuh">
      <Filter>Header Files\CUDA</Filter>
    </ClInclude>
    <ClInclude Include="..\include\Conversion.hpp">
      <Filter>Header Files</Filter>
    </ClInclude>
    <ClInclude Include="..\include\CUDA\Helper.cuh">
      <Filter>Header Files\CUDA</Filter>
    </ClInclude>
    <ClInclude Include="..\include\Filter.h">
      <Filter>Header Files</Filter>
    </ClInclude>
  </ItemGroup>
  <ItemGroup>
    <ClCompile Include="..\source\AWB.cpp">
      <Filter>Source Files</Filter>
    </ClCompile>
    <ClCompile Include="..\source\Bilateral.cpp">
      <Filter>Source Files</Filter>
    </ClCompile>
    <ClCompile Include="..\source\BM3D.cpp">
      <Filter>Source Files</Filter>
    </ClCompile>
    <ClCompile Include="..\source\Convolution.cpp">
      <Filter>Source Files</Filter>
    </ClCompile>
    <ClCompile Include="..\source\Gaussian.cpp">
      <Filter>Source Files</Filter>
    </ClCompile>
    <ClCompile Include="..\source\Haze_Removal.cpp">
      <Filter>Source Files</Filter>
    </ClCompile>
    <ClCompile Include="..\source\Highlight_Removal.cpp">
      <Filter>Source Files</Filter>
    </ClCompile>
    <ClCompile Include="..\source\Histogram_Equalization.cpp">
      <Filter>Source Files</Filter>
    </ClCompile>
    <ClCompile Include="..\source\Image_Type.cpp">
      <Filter>Source Files</Filter>
    </ClCompile>
    <ClCompile Include="..\source\ImageIO.cpp">
      <Filter>Source Files</Filter>
    </ClCompile>
    <ClCompile Include="..\source\ISP_MW.cpp">
      <Filter>Source Files</Filter>
    </ClCompile>
    <ClCompile Include="..\source\NLMeans.cpp">
      <Filter>Source Files</Filter>
    </ClCompile>
    <ClCompile Include="..\source\Retinex.cpp">
      <Filter>Source Files</Filter>
    </ClCompile>
    <ClCompile Include="..\source\Tone_Mapping.cpp">
      <Filter>Source Files</Filter>
    </ClCompile>
    <ClCompile Include="..\source\Transform.cpp">
      <Filter>Source Files</Filter>
    </ClCompile>
  </ItemGroup>
  <ItemGroup>
    <CudaCompile Include="..\source\CUDA\Gaussian.cu">
      <Filter>Source Files\CUDA</Filter>
    </CudaCompile>
    <CudaCompile Include="..\source\CUDA\Helper.cu">
      <Filter>Source Files\CUDA</Filter>
    </CudaCompile>
  </ItemGroup>
</Project>