<?xml version="1.0" encoding="utf-8"?>
<Project ToolsVersion="4.0" xmlns="http://schemas.microsoft.com/developer/msbuild/2003">
  <ItemGroup>
    <Filter Include="Source Files">
      <UniqueIdentifier>{4FC737F1-C7A5-4376-A066-2A32D752A2FF}</UniqueIdentifier>
      <Extensions>cpp;c;cc;cxx;def;odl;idl;hpj;bat;asm;asmx</Extensions>
    </Filter>
    <Filter Include="Header Files">
      <UniqueIdentifier>{93995380-89BD-4b04-88EB-625FBE52EBFB}</UniqueIdentifier>
      <Extensions>h;hh;hpp;hxx;hm;inl;inc;xsd</Extensions>
    </Filter>
    <Filter Include="Resource Files">
      <UniqueIdentifier>{67DA6AB6-F800-4c08-8B7A-83BB121AAD01}</UniqueIdentifier>
      <Extensions>rc;ico;cur;bmp;dlg;rc2;rct;bin;rgs;gif;jpg;jpeg;jpe;resx;tiff;tif;png;wav;mfcribbon-ms</Extensions>
    </Filter>
  </ItemGroup>
  <ItemGroup>
    <ClCompile Include="Convolution.cpp">
      <Filter>Source Files</Filter>
    </ClCompile>
    <ClCompile Include="Image_Type.cpp">
      <Filter>Source Files</Filter>
    </ClCompile>
    <ClCompile Include="ISP_MW.cpp">
      <Filter>Source Files</Filter>
    </ClCompile>
    <ClCompile Include="Transform.cpp">
      <Filter>Source Files</Filter>
    </ClCompile>
    <ClCompile Include="Bilateral.cpp">
      <Filter>Source Files</Filter>
    </ClCompile>
    <ClCompile Include="ImageIO.cpp">
      <Filter>Source Files</Filter>
    </ClCompile>
    <ClCompile Include="Gaussian.cpp">
      <Filter>Source Files</Filter>
    </ClCompile>
    <ClCompile Include="Highlight_Removal.cpp">
      <Filter>Source Files</Filter>
    </ClCompile>
    <ClCompile Include="Tone_Mapping.cpp">
      <Filter>Source Files</Filter>
    </ClCompile>
    <ClCompile Include="Format_Conversion.cpp">
      <Filter>Source Files</Filter>
    </ClCompile>
    <ClCompile Include="Retinex.cpp">
      <Filter>Source Files</Filter>
    </ClCompile>
    <ClCompile Include="Histogram_Equalization.cpp">
      <Filter>Source Files</Filter>
    </ClCompile>
    <ClCompile Include="AWB.cpp">
      <Filter>Source Files</Filter>
    </ClCompile>
  </ItemGroup>
  <ItemGroup>
    <ClInclude Include="include\Bilateral.h">
      <Filter>Header Files</Filter>
    </ClInclude>
    <ClInclude Include="include\Convolution.h">
      <Filter>Header Files</Filter>
    </ClInclude>
    <ClInclude Include="include\Image_Type.h">
      <Filter>Header Files</Filter>
    </ClInclude>
    <ClInclude Include="include\ImageIO.h">
      <Filter>Header Files</Filter>
    </ClInclude>
    <ClInclude Include="include\ISP_MW.h">
      <Filter>Header Files</Filter>
    </ClInclude>
    <ClInclude Include="include\Specification.h">
      <Filter>Header Files</Filter>
    </ClInclude>
    <ClInclude Include="include\Transform.h">
      <Filter>Header Files</Filter>
    </ClInclude>
    <ClInclude Include="include\Type.h">
      <Filter>Header Files</Filter>
    </ClInclude>
    <ClInclude Include="include\Gaussian.h">
      <Filter>Header Files</Filter>
    </ClInclude>
    <ClInclude Include="include\IO.h">
      <Filter>Header Files</Filter>
    </ClInclude>
    <ClInclude Include="include\Highlight_Removal.h">
      <Filter>Header Files</Filter>
    </ClInclude>
    <ClInclude Include="include\Tone_Mapping.h">
      <Filter>Header Files</Filter>
    </ClInclude>
    <ClInclude Include="include\Histogram.h">
      <Filter>Header Files</Filter>
    </ClInclude>
    <ClInclude Include="include\Format_Conversion.h">
      <Filter>Header Files</Filter>
    </ClInclude>
    <ClInclude Include="include\LUT.h">
      <Filter>Header Files</Filter>
    </ClInclude>
    <ClInclude Include="include\Retinex.h">
      <Filter>Header Files</Filter>
    </ClInclude>
    <ClInclude Include="include\Args.h">
      <Filter>Header Files</Filter>
    </ClInclude>
    <ClInclude Include="include\Histogram_Equalization.h">
      <Filter>Header Files</Filter>
    </ClInclude>
    <ClInclude Include="include\Helper.h">
      <Filter>Header Files</Filter>
    </ClInclude>
    <ClInclude Include="include\AWB.h">
      <Filter>Header Files</Filter>
    </ClInclude>
  </ItemGroup>
</Project>